// !$*UTF8*$!
{
	archiveVersion = 1;
	classes = {
	};
	objectVersion = 50;
	objects = {

/* Begin PBXBuildFile section */
		CF926B6026919AC800AABBF9 /* AppDelegate.swift in Sources */ = {isa = PBXBuildFile; fileRef = CF926B5F26919AC800AABBF9 /* AppDelegate.swift */; };
		CF926B6226919AC800AABBF9 /* SceneDelegate.swift in Sources */ = {isa = PBXBuildFile; fileRef = CF926B6126919AC800AABBF9 /* SceneDelegate.swift */; };
		CF926B6426919AC800AABBF9 /* ViewController.swift in Sources */ = {isa = PBXBuildFile; fileRef = CF926B6326919AC800AABBF9 /* ViewController.swift */; };
		CF926B6726919AC800AABBF9 /* Main.storyboard in Resources */ = {isa = PBXBuildFile; fileRef = CF926B6526919AC800AABBF9 /* Main.storyboard */; };
		CF926B6926919ACB00AABBF9 /* Assets.xcassets in Resources */ = {isa = PBXBuildFile; fileRef = CF926B6826919ACB00AABBF9 /* Assets.xcassets */; };
		CF926B6C26919ACB00AABBF9 /* LaunchScreen.storyboard in Resources */ = {isa = PBXBuildFile; fileRef = CF926B6A26919ACB00AABBF9 /* LaunchScreen.storyboard */; };
		CF926B7426919B6B00AABBF9 /* PassingValueViewController.swift in Sources */ = {isa = PBXBuildFile; fileRef = CF926B7326919B6B00AABBF9 /* PassingValueViewController.swift */; };
/* End PBXBuildFile section */

/* Begin PBXFileReference section */
		CF926B5C26919AC800AABBF9 /* passingValueTableViewAndAlert.app */ = {isa = PBXFileReference; explicitFileType = wrapper.application; includeInIndex = 0; path = passingValueTableViewAndAlert.app; sourceTree = BUILT_PRODUCTS_DIR; };
		CF926B5F26919AC800AABBF9 /* AppDelegate.swift */ = {isa = PBXFileReference; lastKnownFileType = sourcecode.swift; path = AppDelegate.swift; sourceTree = "<group>"; };
		CF926B6126919AC800AABBF9 /* SceneDelegate.swift */ = {isa = PBXFileReference; lastKnownFileType = sourcecode.swift; path = SceneDelegate.swift; sourceTree = "<group>"; };
		CF926B6326919AC800AABBF9 /* ViewController.swift */ = {isa = PBXFileReference; lastKnownFileType = sourcecode.swift; path = ViewController.swift; sourceTree = "<group>"; };
		CF926B6626919AC800AABBF9 /* Base */ = {isa = PBXFileReference; lastKnownFileType = file.storyboard; name = Base; path = Base.lproj/Main.storyboard; sourceTree = "<group>"; };
		CF926B6826919ACB00AABBF9 /* Assets.xcassets */ = {isa = PBXFileReference; lastKnownFileType = folder.assetcatalog; path = Assets.xcassets; sourceTree = "<group>"; };
		CF926B6B26919ACB00AABBF9 /* Base */ = {isa = PBXFileReference; lastKnownFileType = file.storyboard; name = Base; path = Base.lproj/LaunchScreen.storyboard; sourceTree = "<group>"; };
		CF926B6D26919ACB00AABBF9 /* Info.plist */ = {isa = PBXFileReference; lastKnownFileType = text.plist.xml; path = Info.plist; sourceTree = "<group>"; };
		CF926B7326919B6B00AABBF9 /* PassingValueViewController.swift */ = {isa = PBXFileReference; lastKnownFileType = sourcecode.swift; path = PassingValueViewController.swift; sourceTree = "<group>"; };
/* End PBXFileReference section */

/* Begin PBXFrameworksBuildPhase section */
		CF926B5926919AC800AABBF9 /* Frameworks */ = {
			isa = PBXFrameworksBuildPhase;
			buildActionMask = 2147483647;
			files = (
			);
			runOnlyForDeploymentPostprocessing = 0;
		};
/* End PBXFrameworksBuildPhase section */

/* Begin PBXGroup section */
		CF926B5326919AC800AABBF9 = {
			isa = PBXGroup;
			children = (
				CF926B5E26919AC800AABBF9 /* passingValueTableViewAndAlert */,
				CF926B5D26919AC800AABBF9 /* Products */,
			);
			sourceTree = "<group>";
		};
		CF926B5D26919AC800AABBF9 /* Products */ = {
			isa = PBXGroup;
			children = (
				CF926B5C26919AC800AABBF9 /* passingValueTableViewAndAlert.app */,
			);
			name = Products;
			sourceTree = "<group>";
		};
		CF926B5E26919AC800AABBF9 /* passingValueTableViewAndAlert */ = {
			isa = PBXGroup;
			children = (
				CF926B5F26919AC800AABBF9 /* AppDelegate.swift */,
				CF926B6126919AC800AABBF9 /* SceneDelegate.swift */,
				CF926B6326919AC800AABBF9 /* ViewController.swift */,
				CF926B7326919B6B00AABBF9 /* PassingValueViewController.swift */,
				CF926B6526919AC800AABBF9 /* Main.storyboard */,
				CF926B6826919ACB00AABBF9 /* Assets.xcassets */,
				CF926B6A26919ACB00AABBF9 /* LaunchScreen.storyboard */,
				CF926B6D26919ACB00AABBF9 /* Info.plist */,
			);
			path = passingValueTableViewAndAlert;
			sourceTree = "<group>";
		};
/* End PBXGroup section */

/* Begin PBXNativeTarget section */
		CF926B5B26919AC800AABBF9 /* passingValueTableViewAndAlert */ = {
			isa = PBXNativeTarget;
			buildConfigurationList = CF926B7026919ACB00AABBF9 /* Build configuration list for PBXNativeTarget "passingValueTableViewAndAlert" */;
			buildPhases = (
				CF926B5826919AC800AABBF9 /* Sources */,
				CF926B5926919AC800AABBF9 /* Frameworks */,
				CF926B5A26919AC800AABBF9 /* Resources */,
			);
			buildRules = (
			);
			dependencies = (
			);
			name = passingValueTableViewAndAlert;
			productName = passingValueTableViewAndAlert;
			productReference = CF926B5C26919AC800AABBF9 /* passingValueTableViewAndAlert.app */;
			productType = "com.apple.product-type.application";
		};
/* End PBXNativeTarget section */

/* Begin PBXProject section */
		CF926B5426919AC800AABBF9 /* Project object */ = {
			isa = PBXProject;
			attributes = {
				LastSwiftUpdateCheck = 1250;
				LastUpgradeCheck = 1250;
				TargetAttributes = {
					CF926B5B26919AC800AABBF9 = {
						CreatedOnToolsVersion = 12.5;
					};
				};
			};
			buildConfigurationList = CF926B5726919AC800AABBF9 /* Build configuration list for PBXProject "passingValueTableViewAndAlert" */;
			compatibilityVersion = "Xcode 9.3";
			developmentRegion = en;
			hasScannedForEncodings = 0;
			knownRegions = (
				en,
				Base,
			);
			mainGroup = CF926B5326919AC800AABBF9;
			productRefGroup = CF926B5D26919AC800AABBF9 /* Products */;
			projectDirPath = "";
			projectRoot = "";
			targets = (
				CF926B5B26919AC800AABBF9 /* passingValueTableViewAndAlert */,
			);
		};
/* End PBXProject section */

/* Begin PBXResourcesBuildPhase section */
		CF926B5A26919AC800AABBF9 /* Resources */ = {
			isa = PBXResourcesBuildPhase;
			buildActionMask = 2147483647;
			files = (
				CF926B6C26919ACB00AABBF9 /* LaunchScreen.storyboard in Resources */,
				CF926B6926919ACB00AABBF9 /* Assets.xcassets in Resources */,
				CF926B6726919AC800AABBF9 /* Main.storyboard in Resources */,
			);
			runOnlyForDeploymentPostprocessing = 0;
		};
/* End PBXResourcesBuildPhase section */

/* Begin PBXSourcesBuildPhase section */
		CF926B5826919AC800AABBF9 /* Sources */ = {
			isa = PBXSourcesBuildPhase;
			buildActionMask = 2147483647;
			files = (
				CF926B7426919B6B00AABBF9 /* PassingValueViewController.swift in Sources */,
				CF926B6426919AC800AABBF9 /* ViewController.swift in Sources */,
				CF926B6026919AC800AABBF9 /* AppDelegate.swift in Sources */,
				CF926B6226919AC800AABBF9 /* SceneDelegate.swift in Sources */,
			);
			runOnlyForDeploymentPostprocessing = 0;
		};
/* End PBXSourcesBuildPhase section */

/* Begin PBXVariantGroup section */
		CF926B6526919AC800AABBF9 /* Main.storyboard */ = {
			isa = PBXVariantGroup;
			children = (
				CF926B6626919AC800AABBF9 /* Base */,
			);
			name = Main.storyboard;
			sourceTree = "<group>";
		};
		CF926B6A26919ACB00AABBF9 /* LaunchScreen.storyboard */ = {
			isa = PBXVariantGroup;
			children = (
				CF926B6B26919ACB00AABBF9 /* Base */,
			);
			name = LaunchScreen.storyboard;
			sourceTree = "<group>";
		};
/* End PBXVariantGroup section */

/* Begin XCBuildConfiguration section */
		CF926B6E26919ACB00AABBF9 /* Debug */ = {
			isa = XCBuildConfiguration;
			buildSettings = {
				ALWAYS_SEARCH_USER_PATHS = NO;
				CLANG_ANALYZER_NONNULL = YES;
				CLANG_ANALYZER_NUMBER_OBJECT_CONVERSION = YES_AGGRESSIVE;
				CLANG_CXX_LANGUAGE_STANDARD = "gnu++14";
				CLANG_CXX_LIBRARY = "libc++";
				CLANG_ENABLE_MODULES = YES;
				CLANG_ENABLE_OBJC_ARC = YES;
				CLANG_ENABLE_OBJC_WEAK = YES;
				CLANG_WARN_BLOCK_CAPTURE_AUTORELEASING = YES;
				CLANG_WARN_BOOL_CONVERSION = YES;
				CLANG_WARN_COMMA = YES;
				CLANG_WARN_CONSTANT_CONVERSION = YES;
				CLANG_WARN_DEPRECATED_OBJC_IMPLEMENTATIONS = YES;
				CLANG_WARN_DIRECT_OBJC_ISA_USAGE = YES_ERROR;
				CLANG_WARN_DOCUMENTATION_COMMENTS = YES;
				CLANG_WARN_EMPTY_BODY = YES;
				CLANG_WARN_ENUM_CONVERSION = YES;
				CLANG_WARN_INFINITE_RECURSION = YES;
				CLANG_WARN_INT_CONVERSION = YES;
				CLANG_WARN_NON_LITERAL_NULL_CONVERSION = YES;
				CLANG_WARN_OBJC_IMPLICIT_RETAIN_SELF = YES;
				CLANG_WARN_OBJC_LITERAL_CONVERSION = YES;
				CLANG_WARN_OBJC_ROOT_CLASS = YES_ERROR;
				CLANG_WARN_QUOTED_INCLUDE_IN_FRAMEWORK_HEADER = YES;
				CLANG_WARN_RANGE_LOOP_ANALYSIS = YES;
				CLANG_WARN_STRICT_PROTOTYPES = YES;
				CLANG_WARN_SUSPICIOUS_MOVE = YES;
				CLANG_WARN_UNGUARDED_AVAILABILITY = YES_AGGRESSIVE;
				CLANG_WARN_UNREACHABLE_CODE = YES;
				CLANG_WARN__DUPLICATE_METHOD_MATCH = YES;
				COPY_PHASE_STRIP = NO;
				DEBUG_INFORMATION_FORMAT = dwarf;
				ENABLE_STRICT_OBJC_MSGSEND = YES;
				ENABLE_TESTABILITY = YES;
				GCC_C_LANGUAGE_STANDARD = gnu11;
				GCC_DYNAMIC_NO_PIC = NO;
				GCC_NO_COMMON_BLOCKS = YES;
				GCC_OPTIMIZATION_LEVEL = 0;
				GCC_PREPROCESSOR_DEFINITIONS = (
					"DEBUG=1",
					"$(inherited)",
				);
				GCC_WARN_64_TO_32_BIT_CONVERSION = YES;
				GCC_WARN_ABOUT_RETURN_TYPE = YES_ERROR;
				GCC_WARN_UNDECLARED_SELECTOR = YES;
				GCC_WARN_UNINITIALIZED_AUTOS = YES_AGGRESSIVE;
				GCC_WARN_UNUSED_FUNCTION = YES;
				GCC_WARN_UNUSED_VARIABLE = YES;
				IPHONEOS_DEPLOYMENT_TARGET = 14.5;
				MTL_ENABLE_DEBUG_INFO = INCLUDE_SOURCE;
				MTL_FAST_MATH = YES;
				ONLY_ACTIVE_ARCH = YES;
				SDKROOT = iphoneos;
				SWIFT_ACTIVE_COMPILATION_CONDITIONS = DEBUG;
				SWIFT_OPTIMIZATION_LEVEL = "-Onone";
			};
			name = Debug;
		};
		CF926B6F26919ACB00AABBF9 /* Release */ = {
			isa = XCBuildConfiguration;
			buildSettings = {
				ALWAYS_SEARCH_USER_PATHS = NO;
				CLANG_ANALYZER_NONNULL = YES;
				CLANG_ANALYZER_NUMBER_OBJECT_CONVERSION = YES_AGGRESSIVE;
				CLANG_CXX_LANGUAGE_STANDARD = "gnu++14";
				CLANG_CXX_LIBRARY = "libc++";
				CLANG_ENABLE_MODULES = YES;
				CLANG_ENABLE_OBJC_ARC = YES;
				CLANG_ENABLE_OBJC_WEAK = YES;
				CLANG_WARN_BLOCK_CAPTURE_AUTORELEASING = YES;
				CLANG_WARN_BOOL_CONVERSION = YES;
				CLANG_WARN_COMMA = YES;
				CLANG_WARN_CONSTANT_CONVERSION = YES;
				CLANG_WARN_DEPRECATED_OBJC_IMPLEMENTATIONS = YES;
				CLANG_WARN_DIRECT_OBJC_ISA_USAGE = YES_ERROR;
				CLANG_WARN_DOCUMENTATION_COMMENTS = YES;
				CLANG_WARN_EMPTY_BODY = YES;
				CLANG_WARN_ENUM_CONVERSION = YES;
				CLANG_WARN_INFINITE_RECURSION = YES;
				CLANG_WARN_INT_CONVERSION = YES;
				CLANG_WARN_NON_LITERAL_NULL_CONVERSION = YES;
				CLANG_WARN_OBJC_IMPLICIT_RETAIN_SELF = YES;
				CLANG_WARN_OBJC_LITERAL_CONVERSION = YES;
				CLANG_WARN_OBJC_ROOT_CLASS = YES_ERROR;
				CLANG_WARN_QUOTED_INCLUDE_IN_FRAMEWORK_HEADER = YES;
				CLANG_WARN_RANGE_LOOP_ANALYSIS = YES;
				CLANG_WARN_STRICT_PROTOTYPES = YES;
				CLANG_WARN_SUSPICIOUS_MOVE = YES;
				CLANG_WARN_UNGUARDED_AVAILABILITY = YES_AGGRESSIVE;
				CLANG_WARN_UNREACHABLE_CODE = YES;
				CLANG_WARN__DUPLICATE_METHOD_MATCH = YES;
				COPY_PHASE_STRIP = NO;
				DEBUG_INFORMATION_FORMAT = "dwarf-with-dsym";
				ENABLE_NS_ASSERTIONS = NO;
				ENABLE_STRICT_OBJC_MSGSEND = YES;
				GCC_C_LANGUAGE_STANDARD = gnu11;
				GCC_NO_COMMON_BLOCKS = YES;
				GCC_WARN_64_TO_32_BIT_CONVERSION = YES;
				GCC_WARN_ABOUT_RETURN_TYPE = YES_ERROR;
				GCC_WARN_UNDECLARED_SELECTOR = YES;
				GCC_WARN_UNINITIALIZED_AUTOS = YES_AGGRESSIVE;
				GCC_WARN_UNUSED_FUNCTION = YES;
				GCC_WARN_UNUSED_VARIABLE = YES;
				IPHONEOS_DEPLOYMENT_TARGET = 14.5;
				MTL_ENABLE_DEBUG_INFO = NO;
				MTL_FAST_MATH = YES;
				SDKROOT = iphoneos;
				SWIFT_COMPILATION_MODE = wholemodule;
				SWIFT_OPTIMIZATION_LEVEL = "-O";
				VALIDATE_PRODUCT = YES;
			};
			name = Release;
		};
		CF926B7126919ACB00AABBF9 /* Debug */ = {
			isa = XCBuildConfiguration;
			buildSettings = {
				ASSETCATALOG_COMPILER_APPICON_NAME = AppIcon;
				ASSETCATALOG_COMPILER_GLOBAL_ACCENT_COLOR_NAME = AccentColor;
				CODE_SIGN_STYLE = Automatic;
				DEVELOPMENT_TEAM = XS2R7967QT;
				INFOPLIST_FILE = passingValueTableViewAndAlert/Info.plist;
				LD_RUNPATH_SEARCH_PATHS = (
					"$(inherited)",
					"@executable_path/Frameworks",
				);
				PRODUCT_BUNDLE_IDENTIFIER = cow.iwaski.passingValueTableViewAndAlert;
				PRODUCT_NAME = "$(TARGET_NAME)";
				SWIFT_VERSION = 5.0;
				TARGETED_DEVICE_FAMILY = 1;
			};
			name = Debug;
		};
		CF926B7226919ACB00AABBF9 /* Release */ = {
			isa = XCBuildConfiguration;
			buildSettings = {
				ASSETCATALOG_COMPILER_APPICON_NAME = AppIcon;
				ASSETCATALOG_COMPILER_GLOBAL_ACCENT_COLOR_NAME = AccentColor;
				CODE_SIGN_STYLE = Automatic;
				DEVELOPMENT_TEAM = XS2R7967QT;
				INFOPLIST_FILE = passingValueTableViewAndAlert/Info.plist;
				LD_RUNPATH_SEARCH_PATHS = (
					"$(inherited)",
					"@executable_path/Frameworks",
				);
				PRODUCT_BUNDLE_IDENTIFIER = cow.iwaski.passingValueTableViewAndAlert;
				PRODUCT_NAME = "$(TARGET_NAME)";
				SWIFT_VERSION = 5.0;
				TARGETED_DEVICE_FAMILY = 1;
			};
			name = Release;
		};
/* End XCBuildConfiguration section */

/* Begin XCConfigurationList section */
		CF926B5726919AC800AABBF9 /* Build configuration list for PBXProject "passingValueTableViewAndAlert" */ = {
			isa = XCConfigurationList;
			buildConfigurations = (
				CF926B6E26919ACB00AABBF9 /* Debug */,
				CF926B6F26919ACB00AABBF9 /* Release */,
			);
			defaultConfigurationIsVisible = 0;
			defaultConfigurationName = Release;
		};
		CF926B7026919ACB00AABBF9 /* Build configuration list for PBXNativeTarget "passingValueTableViewAndAlert" */ = {
			isa = XCConfigurationList;
			buildConfigurations = (
				CF926B7126919ACB00AABBF9 /* Debug */,
				CF926B7226919ACB00AABBF9 /* Release */,
			);
			defaultConfigurationIsVisible = 0;
			defaultConfigurationName = Release;
		};
/* End XCConfigurationList section */
	};
	rootObject = CF926B5426919AC800AABBF9 /* Project object */;
}
